
Microsoft Visual Studio Solution File, Format Version 12.00
# Visual Studio 15
Project("{FAE04EC0-301F-11D3-BF4B-00C04F79EFBC}") = "Assembly-CSharp", "Assembly-CSharp.csproj", "{BDA2B455-5ECD-9F2A-A971-C62A0474552C}"
EndProject
Project("{FAE04EC0-301F-11D3-BF4B-00C04F79EFBC}") = "Assembly-CSharp-Editor", "Assembly-CSharp-Editor.csproj", "{0AF2B8CD-4CCF-B56C-34D1-223206A906BF}"
EndProject
Global
	GlobalSection(SolutionConfigurationPlatforms) = preSolution
		Debug|Any CPU = Debug|Any CPU
		Release|Any CPU = Release|Any CPU
	EndGlobalSection
	GlobalSection(ProjectConfigurationPlatforms) = postSolution
		{BDA2B455-5ECD-9F2A-A971-C62A0474552C}.Debug|Any CPU.ActiveCfg = Debug|Any CPU
		{BDA2B455-5ECD-9F2A-A971-C62A0474552C}.Debug|Any CPU.Build.0 = Debug|Any CPU
		{BDA2B455-5ECD-9F2A-A971-C62A0474552C}.Release|Any CPU.ActiveCfg = Release|Any CPU
		{BDA2B455-5ECD-9F2A-A971-C62A0474552C}.Release|Any CPU.Build.0 = Release|Any CPU
		{0AF2B8CD-4CCF-B56C-34D1-223206A906BF}.Debug|Any CPU.ActiveCfg = Debug|Any CPU
		{0AF2B8CD-4CCF-B56C-34D1-223206A906BF}.Debug|Any CPU.Build.0 = Debug|Any CPU
		{0AF2B8CD-4CCF-B56C-34D1-223206A906BF}.Release|Any CPU.ActiveCfg = Release|Any CPU
		{0AF2B8CD-4CCF-B56C-34D1-223206A906BF}.Release|Any CPU.Build.0 = Release|Any CPU
	EndGlobalSection
	GlobalSection(SolutionProperties) = preSolution
		HideSolutionNode = FALSE
	EndGlobalSection
EndGlobal
